
Microsoft Visual Studio Solution File, Format Version 12.00
# Visual Studio 2012
Project("{FAE04EC0-301F-11D3-BF4B-00C04F79EFBC}") = "HostingService", "HostingService\HostingService.csproj", "{8AD5F5F4-7CC4-4E19-93D2-AE03A36C7E7C}"
EndProject
Project("{FAE04EC0-301F-11D3-BF4B-00C04F79EFBC}") = "AutoService.Core", "AutoService.Core\AutoService.Core.csproj", "{A8EF5D40-B14D-4A48-BE65-6C54E0FFE1DA}"
EndProject
Project("{FAE04EC0-301F-11D3-BF4B-00C04F79EFBC}") = "AutoSerivce.Jobs.WriteFile", "AutoSerivce.Jobs.WriteFile\AutoSerivce.Jobs.WriteFile.csproj", "{EC7B0756-B968-4006-8776-35F0F02A9588}"
EndProject
Project("{FAE04EC0-301F-11D3-BF4B-00C04F79EFBC}") = "AutoService.Jobs.WriteFile2", "AutoService.Jobs.WriteFile2\AutoService.Jobs.WriteFile2.csproj", "{BE3A3224-3A93-4446-A1B9-8EA2A245E20A}"
EndProject
Project("{2150E333-8FDC-42A3-9474-1A3956D46DE8}") = "Hosting", "Hosting", "{5E9BD230-4D2A-45A1-B70A-26C2BE0948FC}"
EndProject
Project("{2150E333-8FDC-42A3-9474-1A3956D46DE8}") = "Jobs", "Jobs", "{BFB65931-DC7A-4081-8455-429A923CFB0A}"
EndProject
Project("{FAE04EC0-301F-11D3-BF4B-00C04F79EFBC}") = "HostingService.Test", "HostingService.Test\HostingService.Test.csproj", "{81DBB4E5-240A-435B-9551-CCA7ED56DA80}"
EndProject
Global
	GlobalSection(SolutionConfigurationPlatforms) = preSolution
		CD_ROM|Any CPU = CD_ROM|Any CPU
		Debug|Any CPU = Debug|Any CPU
		DVD-5|Any CPU = DVD-5|Any CPU
		Release|Any CPU = Release|Any CPU
		SingleImage|Any CPU = SingleImage|Any CPU
	EndGlobalSection
	GlobalSection(ProjectConfigurationPlatforms) = postSolution
		{8AD5F5F4-7CC4-4E19-93D2-AE03A36C7E7C}.CD_ROM|Any CPU.ActiveCfg = Release|Any CPU
		{8AD5F5F4-7CC4-4E19-93D2-AE03A36C7E7C}.CD_ROM|Any CPU.Build.0 = Release|Any CPU
		{8AD5F5F4-7CC4-4E19-93D2-AE03A36C7E7C}.Debug|Any CPU.ActiveCfg = Debug|Any CPU
		{8AD5F5F4-7CC4-4E19-93D2-AE03A36C7E7C}.Debug|Any CPU.Build.0 = Debug|Any CPU
		{8AD5F5F4-7CC4-4E19-93D2-AE03A36C7E7C}.DVD-5|Any CPU.ActiveCfg = Debug|Any CPU
		{8AD5F5F4-7CC4-4E19-93D2-AE03A36C7E7C}.DVD-5|Any CPU.Build.0 = Debug|Any CPU
		{8AD5F5F4-7CC4-4E19-93D2-AE03A36C7E7C}.Release|Any CPU.ActiveCfg = Release|Any CPU
		{8AD5F5F4-7CC4-4E19-93D2-AE03A36C7E7C}.Release|Any CPU.Build.0 = Release|Any CPU
		{8AD5F5F4-7CC4-4E19-93D2-AE03A36C7E7C}.SingleImage|Any CPU.ActiveCfg = Release|Any CPU
		{8AD5F5F4-7CC4-4E19-93D2-AE03A36C7E7C}.SingleImage|Any CPU.Build.0 = Release|Any CPU
		{A8EF5D40-B14D-4A48-BE65-6C54E0FFE1DA}.CD_ROM|Any CPU.ActiveCfg = Release|Any CPU
		{A8EF5D40-B14D-4A48-BE65-6C54E0FFE1DA}.CD_ROM|Any CPU.Build.0 = Release|Any CPU
		{A8EF5D40-B14D-4A48-BE65-6C54E0FFE1DA}.Debug|Any CPU.ActiveCfg = Debug|Any CPU
		{A8EF5D40-B14D-4A48-BE65-6C54E0FFE1DA}.Debug|Any CPU.Build.0 = Debug|Any CPU
		{A8EF5D40-B14D-4A48-BE65-6C54E0FFE1DA}.DVD-5|Any CPU.ActiveCfg = Debug|Any CPU
		{A8EF5D40-B14D-4A48-BE65-6C54E0FFE1DA}.DVD-5|Any CPU.Build.0 = Debug|Any CPU
		{A8EF5D40-B14D-4A48-BE65-6C54E0FFE1DA}.Release|Any CPU.ActiveCfg = Release|Any CPU
		{A8EF5D40-B14D-4A48-BE65-6C54E0FFE1DA}.Release|Any CPU.Build.0 = Release|Any CPU
		{A8EF5D40-B14D-4A48-BE65-6C54E0FFE1DA}.SingleImage|Any CPU.ActiveCfg = Release|Any CPU
		{A8EF5D40-B14D-4A48-BE65-6C54E0FFE1DA}.SingleImage|Any CPU.Build.0 = Release|Any CPU
		{EC7B0756-B968-4006-8776-35F0F02A9588}.CD_ROM|Any CPU.ActiveCfg = Release|Any CPU
		{EC7B0756-B968-4006-8776-35F0F02A9588}.CD_ROM|Any CPU.Build.0 = Release|Any CPU
		{EC7B0756-B968-4006-8776-35F0F02A9588}.Debug|Any CPU.ActiveCfg = Debug|Any CPU
		{EC7B0756-B968-4006-8776-35F0F02A9588}.Debug|Any CPU.Build.0 = Debug|Any CPU
		{EC7B0756-B968-4006-8776-35F0F02A9588}.DVD-5|Any CPU.ActiveCfg = Debug|Any CPU
		{EC7B0756-B968-4006-8776-35F0F02A9588}.DVD-5|Any CPU.Build.0 = Debug|Any CPU
		{EC7B0756-B968-4006-8776-35F0F02A9588}.Release|Any CPU.ActiveCfg = Release|Any CPU
		{EC7B0756-B968-4006-8776-35F0F02A9588}.Release|Any CPU.Build.0 = Release|Any CPU
		{EC7B0756-B968-4006-8776-35F0F02A9588}.SingleImage|Any CPU.ActiveCfg = Release|Any CPU
		{EC7B0756-B968-4006-8776-35F0F02A9588}.SingleImage|Any CPU.Build.0 = Release|Any CPU
		{BE3A3224-3A93-4446-A1B9-8EA2A245E20A}.CD_ROM|Any CPU.ActiveCfg = Release|Any CPU
		{BE3A3224-3A93-4446-A1B9-8EA2A245E20A}.CD_ROM|Any CPU.Build.0 = Release|Any CPU
		{BE3A3224-3A93-4446-A1B9-8EA2A245E20A}.Debug|Any CPU.ActiveCfg = Debug|Any CPU
		{BE3A3224-3A93-4446-A1B9-8EA2A245E20A}.Debug|Any CPU.Build.0 = Debug|Any CPU
		{BE3A3224-3A93-4446-A1B9-8EA2A245E20A}.DVD-5|Any CPU.ActiveCfg = Debug|Any CPU
		{BE3A3224-3A93-4446-A1B9-8EA2A245E20A}.DVD-5|Any CPU.Build.0 = Debug|Any CPU
		{BE3A3224-3A93-4446-A1B9-8EA2A245E20A}.Release|Any CPU.ActiveCfg = Release|Any CPU
		{BE3A3224-3A93-4446-A1B9-8EA2A245E20A}.Release|Any CPU.Build.0 = Release|Any CPU
		{BE3A3224-3A93-4446-A1B9-8EA2A245E20A}.SingleImage|Any CPU.ActiveCfg = Release|Any CPU
		{BE3A3224-3A93-4446-A1B9-8EA2A245E20A}.SingleImage|Any CPU.Build.0 = Release|Any CPU
		{81DBB4E5-240A-435B-9551-CCA7ED56DA80}.CD_ROM|Any CPU.ActiveCfg = Release|Any CPU
		{81DBB4E5-240A-435B-9551-CCA7ED56DA80}.CD_ROM|Any CPU.Build.0 = Release|Any CPU
		{81DBB4E5-240A-435B-9551-CCA7ED56DA80}.Debug|Any CPU.ActiveCfg = Debug|Any CPU
		{81DBB4E5-240A-435B-9551-CCA7ED56DA80}.Debug|Any CPU.Build.0 = Debug|Any CPU
		{81DBB4E5-240A-435B-9551-CCA7ED56DA80}.DVD-5|Any CPU.ActiveCfg = Debug|Any CPU
		{81DBB4E5-240A-435B-9551-CCA7ED56DA80}.DVD-5|Any CPU.Build.0 = Debug|Any CPU
		{81DBB4E5-240A-435B-9551-CCA7ED56DA80}.Release|Any CPU.ActiveCfg = Release|Any CPU
		{81DBB4E5-240A-435B-9551-CCA7ED56DA80}.Release|Any CPU.Build.0 = Release|Any CPU
		{81DBB4E5-240A-435B-9551-CCA7ED56DA80}.SingleImage|Any CPU.ActiveCfg = Release|Any CPU
		{81DBB4E5-240A-435B-9551-CCA7ED56DA80}.SingleImage|Any CPU.Build.0 = Release|Any CPU
	EndGlobalSection
	GlobalSection(SolutionProperties) = preSolution
		HideSolutionNode = FALSE
	EndGlobalSection
	GlobalSection(NestedProjects) = preSolution
		{A8EF5D40-B14D-4A48-BE65-6C54E0FFE1DA} = {5E9BD230-4D2A-45A1-B70A-26C2BE0948FC}
		{8AD5F5F4-7CC4-4E19-93D2-AE03A36C7E7C} = {5E9BD230-4D2A-45A1-B70A-26C2BE0948FC}
		{81DBB4E5-240A-435B-9551-CCA7ED56DA80} = {5E9BD230-4D2A-45A1-B70A-26C2BE0948FC}
		{BE3A3224-3A93-4446-A1B9-8EA2A245E20A} = {BFB65931-DC7A-4081-8455-429A923CFB0A}
		{EC7B0756-B968-4006-8776-35F0F02A9588} = {BFB65931-DC7A-4081-8455-429A923CFB0A}
	EndGlobalSection
EndGlobal
